Microsoft Visual Studio Solution File, Format Version 12.00
# Visual Studio Version 17
VisualStudioVersion = 17.0.31903.59
MinimumVisualStudioVersion = 10.0.40219.1
Project("{FAE04EC0-301F-11D3-BF4B-00C04F79EFBC}") = "StreamPAL", "src\StreamForge.App\StreamForge.App.csproj", "{9EC11A41-2825-4DDB-A354-7B66A61D9177}"
EndProject
Global
	GlobalSection(SolutionConfigurationPlatforms) = preSolution
		Debug|Any CPU = Debug|Any CPU
		Release|Any CPU = Release|Any CPU
	EndGlobalSection
	GlobalSection(ProjectConfigurationPlatforms) = postSolution
		{9EC11A41-2825-4DDB-A354-7B66A61D9177}.Debug|Any CPU.ActiveCfg = Debug|Any CPU
		{9EC11A41-2825-4DDB-A354-7B66A61D9177}.Debug|Any CPU.Build.0 = Debug|Any CPU
		{9EC11A41-2825-4DDB-A354-7B66A61D9177}.Release|Any CPU.ActiveCfg = Release|Any CPU
		{9EC11A41-2825-4DDB-A354-7B66A61D9177}.Release|Any CPU.Build.0 = Release|Any CPU
	EndGlobalSection
EndGlobal
